// !$*UTF8*$!
{
	archiveVersion = 1;
	classes = {
	};
	objectVersion = 46;
	objects = {

/* Begin PBXBuildFile section */
		11EB7D2858F42969B5121050 /* libPods-RealtidsinfoTests.a in Frameworks */ = {isa = PBXBuildFile; fileRef = 88DD7DEFEE8489E7464746D6 /* libPods-RealtidsinfoTests.a */; };
		8E5311B4BA04EF1B3188403C /* libPods-Realtidsinfo.a in Frameworks */ = {isa = PBXBuildFile; fileRef = 6E73218B4BDAA647A736F907 /* libPods-Realtidsinfo.a */; };
		AB5FBA6E1E643AE1009ACA2F /* API-keys.plist in Resources */ = {isa = PBXBuildFile; fileRef = AB5FBA6D1E643AE1009ACA2F /* API-keys.plist */; };
		AB5FBA711E647A7E009ACA2F /* RealtimeSite.m in Sources */ = {isa = PBXBuildFile; fileRef = AB5FBA701E647A7E009ACA2F /* RealtimeSite.m */; };
		AB602E611E6C2B33002B330C /* UIPageViewControllerWithOverlayIndicator.m in Sources */ = {isa = PBXBuildFile; fileRef = AB602E601E6C2B33002B330C /* UIPageViewControllerWithOverlayIndicator.m */; };
		AB7690241E92E8D300916024 /* LeftAndRightTableViewCell.m in Sources */ = {isa = PBXBuildFile; fileRef = AB7690231E92E8D300916024 /* LeftAndRightTableViewCell.m */; };
		AB85C8F01E6B264100D9181E /* ViewController.m in Sources */ = {isa = PBXBuildFile; fileRef = AB85C8EF1E6B264100D9181E /* ViewController.m */; };
		AB9B5C411E60C0B700BC51AE /* main.m in Sources */ = {isa = PBXBuildFile; fileRef = AB9B5C401E60C0B700BC51AE /* main.m */; };
		AB9B5C441E60C0B700BC51AE /* AppDelegate.m in Sources */ = {isa = PBXBuildFile; fileRef = AB9B5C431E60C0B700BC51AE /* AppDelegate.m */; };
		AB9B5C471E60C0B800BC51AE /* RealtimeStopViewController.m in Sources */ = {isa = PBXBuildFile; fileRef = AB9B5C461E60C0B800BC51AE /* RealtimeStopViewController.m */; };
		AB9B5C4A1E60C0B800BC51AE /* Main.storyboard in Resources */ = {isa = PBXBuildFile; fileRef = AB9B5C481E60C0B800BC51AE /* Main.storyboard */; };
		AB9B5C4C1E60C0B800BC51AE /* Assets.xcassets in Resources */ = {isa = PBXBuildFile; fileRef = AB9B5C4B1E60C0B800BC51AE /* Assets.xcassets */; };
		AB9B5C4F1E60C0B800BC51AE /* LaunchScreen.storyboard in Resources */ = {isa = PBXBuildFile; fileRef = AB9B5C4D1E60C0B800BC51AE /* LaunchScreen.storyboard */; };
		AB9B5C5A1E60C0B800BC51AE /* RealtidsinfoTests.m in Sources */ = {isa = PBXBuildFile; fileRef = AB9B5C591E60C0B800BC51AE /* RealtidsinfoTests.m */; };
		AB9B5C651E60C0B800BC51AE /* RealtidsinfoUITests.m in Sources */ = {isa = PBXBuildFile; fileRef = AB9B5C641E60C0B800BC51AE /* RealtidsinfoUITests.m */; };
		ABBDD3FA1E66F4370077B07C /* SanFranciscoDisplay-Medium.otf in Resources */ = {isa = PBXBuildFile; fileRef = AB4EEF771E66F1BF00E297AF /* SanFranciscoDisplay-Medium.otf */; };
		ABBDD3FB1E66F60E0077B07C /* SanFranciscoDisplay-Light.otf in Resources */ = {isa = PBXBuildFile; fileRef = AB4EEF761E66F1BF00E297AF /* SanFranciscoDisplay-Light.otf */; };
		ABBF05F81E938F4700B5FA74 /* MapKit.framework in Frameworks */ = {isa = PBXBuildFile; fileRef = ABBF05F71E938F4700B5FA74 /* MapKit.framework */; };
		ABBF05FB1E9390E700B5FA74 /* ConfigureStopViewController.m in Sources */ = {isa = PBXBuildFile; fileRef = ABBF05FA1E9390E700B5FA74 /* ConfigureStopViewController.m */; };
		ABE73DD21E8C08A400C70E13 /* SearchStopsTableViewController.m in Sources */ = {isa = PBXBuildFile; fileRef = ABE73DD11E8C08A400C70E13 /* SearchStopsTableViewController.m */; };
		ABE73DD51E8C351100C70E13 /* TrafiklabAPI.m in Sources */ = {isa = PBXBuildFile; fileRef = ABE73DD41E8C351100C70E13 /* TrafiklabAPI.m */; };
		B2A33C096D774D41927ABA0A /* libPods-RealtidsinfoUITests.a in Frameworks */ = {isa = PBXBuildFile; fileRef = 0A6F694AD004BDEE85784314 /* libPods-RealtidsinfoUITests.a */; };
/* End PBXBuildFile section */

/* Begin PBXContainerItemProxy section */
		AB9B5C561E60C0B800BC51AE /* PBXContainerItemProxy */ = {
			isa = PBXContainerItemProxy;
			containerPortal = AB9B5C341E60C0B700BC51AE /* Project object */;
			proxyType = 1;
			remoteGlobalIDString = AB9B5C3B1E60C0B700BC51AE;
			remoteInfo = Realtidsinfo;
		};
		AB9B5C611E60C0B800BC51AE /* PBXContainerItemProxy */ = {
			isa = PBXContainerItemProxy;
			containerPortal = AB9B5C341E60C0B700BC51AE /* Project object */;
			proxyType = 1;
			remoteGlobalIDString = AB9B5C3B1E60C0B700BC51AE;
			remoteInfo = Realtidsinfo;
		};
/* End PBXContainerItemProxy section */

/* Begin PBXFileReference section */
		0A6F694AD004BDEE85784314 /* libPods-RealtidsinfoUITests.a */ = {isa = PBXFileReference; explicitFileType = archive.ar; includeInIndex = 0; path = "libPods-RealtidsinfoUITests.a"; sourceTree = BUILT_PRODUCTS_DIR; };
		2138480EF3F3C70B0BB96BE8 /* Pods-RealtidsinfoUITests.debug.xcconfig */ = {isa = PBXFileReference; includeInIndex = 1; lastKnownFileType = text.xcconfig; name = "Pods-RealtidsinfoUITests.debug.xcconfig"; path = "Pods/Target Support Files/Pods-RealtidsinfoUITests/Pods-RealtidsinfoUITests.debug.xcconfig"; sourceTree = "<group>"; };
		6E73218B4BDAA647A736F907 /* libPods-Realtidsinfo.a */ = {isa = PBXFileReference; explicitFileType = archive.ar; includeInIndex = 0; path = "libPods-Realtidsinfo.a"; sourceTree = BUILT_PRODUCTS_DIR; };
		88DD7DEFEE8489E7464746D6 /* libPods-RealtidsinfoTests.a */ = {isa = PBXFileReference; explicitFileType = archive.ar; includeInIndex = 0; path = "libPods-RealtidsinfoTests.a"; sourceTree = BUILT_PRODUCTS_DIR; };
		8BAA52A2D789DB53258ADBE1 /* Pods-Realtidsinfo.debug.xcconfig */ = {isa = PBXFileReference; includeInIndex = 1; lastKnownFileType = text.xcconfig; name = "Pods-Realtidsinfo.debug.xcconfig"; path = "Pods/Target Support Files/Pods-Realtidsinfo/Pods-Realtidsinfo.debug.xcconfig"; sourceTree = "<group>"; };
		93A5EC584C92115943BA1092 /* Pods-RealtidsinfoTests.release.xcconfig */ = {isa = PBXFileReference; includeInIndex = 1; lastKnownFileType = text.xcconfig; name = "Pods-RealtidsinfoTests.release.xcconfig"; path = "Pods/Target Support Files/Pods-RealtidsinfoTests/Pods-RealtidsinfoTests.release.xcconfig"; sourceTree = "<group>"; };
		961BF612135B2DF82AD25720 /* Pods-RealtidsinfoTests.debug.xcconfig */ = {isa = PBXFileReference; includeInIndex = 1; lastKnownFileType = text.xcconfig; name = "Pods-RealtidsinfoTests.debug.xcconfig"; path = "Pods/Target Support Files/Pods-RealtidsinfoTests/Pods-RealtidsinfoTests.debug.xcconfig"; sourceTree = "<group>"; };
		9E355D4C8B35543C45D803E3 /* Pods-Realtidsinfo.release.xcconfig */ = {isa = PBXFileReference; includeInIndex = 1; lastKnownFileType = text.xcconfig; name = "Pods-Realtidsinfo.release.xcconfig"; path = "Pods/Target Support Files/Pods-Realtidsinfo/Pods-Realtidsinfo.release.xcconfig"; sourceTree = "<group>"; };
		AB4EEF761E66F1BF00E297AF /* SanFranciscoDisplay-Light.otf */ = {isa = PBXFileReference; lastKnownFileType = file; name = "SanFranciscoDisplay-Light.otf"; path = "../../../Library/Fonts/SanFranciscoDisplay-Light.otf"; sourceTree = "<group>"; };
		AB4EEF771E66F1BF00E297AF /* SanFranciscoDisplay-Medium.otf */ = {isa = PBXFileReference; lastKnownFileType = file; name = "SanFranciscoDisplay-Medium.otf"; path = "../../../Library/Fonts/SanFranciscoDisplay-Medium.otf"; sourceTree = "<group>"; };
		AB4EEF781E66F1BF00E297AF /* SanFranciscoDisplay-Regular.otf */ = {isa = PBXFileReference; lastKnownFileType = file; name = "SanFranciscoDisplay-Regular.otf"; path = "../../../Library/Fonts/SanFranciscoDisplay-Regular.otf"; sourceTree = "<group>"; };
		AB5FBA6D1E643AE1009ACA2F /* API-keys.plist */ = {isa = PBXFileReference; fileEncoding = 4; lastKnownFileType = text.plist.xml; path = "API-keys.plist"; sourceTree = "<group>"; };
		AB5FBA6F1E647A7E009ACA2F /* RealtimeSite.h */ = {isa = PBXFileReference; fileEncoding = 4; lastKnownFileType = sourcecode.c.h; name = RealtimeSite.h; path = Model/RealtimeSite.h; sourceTree = "<group>"; };
		AB5FBA701E647A7E009ACA2F /* RealtimeSite.m */ = {isa = PBXFileReference; fileEncoding = 4; lastKnownFileType = sourcecode.c.objc; name = RealtimeSite.m; path = Model/RealtimeSite.m; sourceTree = "<group>"; };
		AB602E5F1E6C2B33002B330C /* UIPageViewControllerWithOverlayIndicator.h */ = {isa = PBXFileReference; fileEncoding = 4; lastKnownFileType = sourcecode.c.h; path = UIPageViewControllerWithOverlayIndicator.h; sourceTree = "<group>"; };
		AB602E601E6C2B33002B330C /* UIPageViewControllerWithOverlayIndicator.m */ = {isa = PBXFileReference; fileEncoding = 4; lastKnownFileType = sourcecode.c.objc; path = UIPageViewControllerWithOverlayIndicator.m; sourceTree = "<group>"; };
		AB7690221E92E8D300916024 /* LeftAndRightTableViewCell.h */ = {isa = PBXFileReference; fileEncoding = 4; lastKnownFileType = sourcecode.c.h; path = LeftAndRightTableViewCell.h; sourceTree = "<group>"; };
		AB7690231E92E8D300916024 /* LeftAndRightTableViewCell.m */ = {isa = PBXFileReference; fileEncoding = 4; lastKnownFileType = sourcecode.c.objc; path = LeftAndRightTableViewCell.m; sourceTree = "<group>"; };
		AB85C8EE1E6B264100D9181E /* ViewController.h */ = {isa = PBXFileReference; fileEncoding = 4; lastKnownFileType = sourcecode.c.h; path = ViewController.h; sourceTree = "<group>"; };
		AB85C8EF1E6B264100D9181E /* ViewController.m */ = {isa = PBXFileReference; fileEncoding = 4; lastKnownFileType = sourcecode.c.objc; path = ViewController.m; sourceTree = "<group>"; };
		AB9B5C3C1E60C0B700BC51AE /* Realtidsinfo.app */ = {isa = PBXFileReference; explicitFileType = wrapper.application; includeInIndex = 0; path = Realtidsinfo.app; sourceTree = BUILT_PRODUCTS_DIR; };
		AB9B5C401E60C0B700BC51AE /* main.m */ = {isa = PBXFileReference; lastKnownFileType = sourcecode.c.objc; path = main.m; sourceTree = "<group>"; };
		AB9B5C421E60C0B700BC51AE /* AppDelegate.h */ = {isa = PBXFileReference; lastKnownFileType = sourcecode.c.h; path = AppDelegate.h; sourceTree = "<group>"; };
		AB9B5C431E60C0B700BC51AE /* AppDelegate.m */ = {isa = PBXFileReference; lastKnownFileType = sourcecode.c.objc; path = AppDelegate.m; sourceTree = "<group>"; };
		AB9B5C451E60C0B800BC51AE /* RealtimeStopViewController.h */ = {isa = PBXFileReference; lastKnownFileType = sourcecode.c.h; path = RealtimeStopViewController.h; sourceTree = "<group>"; };
		AB9B5C461E60C0B800BC51AE /* RealtimeStopViewController.m */ = {isa = PBXFileReference; lastKnownFileType = sourcecode.c.objc; path = RealtimeStopViewController.m; sourceTree = "<group>"; };
		AB9B5C491E60C0B800BC51AE /* Base */ = {isa = PBXFileReference; lastKnownFileType = file.storyboard; name = Base; path = Base.lproj/Main.storyboard; sourceTree = "<group>"; };
		AB9B5C4B1E60C0B800BC51AE /* Assets.xcassets */ = {isa = PBXFileReference; lastKnownFileType = folder.assetcatalog; path = Assets.xcassets; sourceTree = "<group>"; };
		AB9B5C4E1E60C0B800BC51AE /* Base */ = {isa = PBXFileReference; lastKnownFileType = file.storyboard; name = Base; path = Base.lproj/LaunchScreen.storyboard; sourceTree = "<group>"; };
		AB9B5C501E60C0B800BC51AE /* Info.plist */ = {isa = PBXFileReference; lastKnownFileType = text.plist.xml; path = Info.plist; sourceTree = "<group>"; };
		AB9B5C551E60C0B800BC51AE /* RealtidsinfoTests.xctest */ = {isa = PBXFileReference; explicitFileType = wrapper.cfbundle; includeInIndex = 0; path = RealtidsinfoTests.xctest; sourceTree = BUILT_PRODUCTS_DIR; };
		AB9B5C591E60C0B800BC51AE /* RealtidsinfoTests.m */ = {isa = PBXFileReference; lastKnownFileType = sourcecode.c.objc; path = RealtidsinfoTests.m; sourceTree = "<group>"; };
		AB9B5C5B1E60C0B800BC51AE /* Info.plist */ = {isa = PBXFileReference; lastKnownFileType = text.plist.xml; path = Info.plist; sourceTree = "<group>"; };
		AB9B5C601E60C0B800BC51AE /* RealtidsinfoUITests.xctest */ = {isa = PBXFileReference; explicitFileType = wrapper.cfbundle; includeInIndex = 0; path = RealtidsinfoUITests.xctest; sourceTree = BUILT_PRODUCTS_DIR; };
		AB9B5C641E60C0B800BC51AE /* RealtidsinfoUITests.m */ = {isa = PBXFileReference; lastKnownFileType = sourcecode.c.objc; path = RealtidsinfoUITests.m; sourceTree = "<group>"; };
		AB9B5C661E60C0B800BC51AE /* Info.plist */ = {isa = PBXFileReference; lastKnownFileType = text.plist.xml; path = Info.plist; sourceTree = "<group>"; };
		ABBF05F71E938F4700B5FA74 /* MapKit.framework */ = {isa = PBXFileReference; lastKnownFileType = wrapper.framework; name = MapKit.framework; path = System/Library/Frameworks/MapKit.framework; sourceTree = SDKROOT; };
		ABBF05F91E9390E700B5FA74 /* ConfigureStopViewController.h */ = {isa = PBXFileReference; fileEncoding = 4; lastKnownFileType = sourcecode.c.h; path = ConfigureStopViewController.h; sourceTree = "<group>"; };
		ABBF05FA1E9390E700B5FA74 /* ConfigureStopViewController.m */ = {isa = PBXFileReference; fileEncoding = 4; lastKnownFileType = sourcecode.c.objc; path = ConfigureStopViewController.m; sourceTree = "<group>"; };
		ABE73DD01E8C08A400C70E13 /* SearchStopsTableViewController.h */ = {isa = PBXFileReference; fileEncoding = 4; lastKnownFileType = sourcecode.c.h; path = SearchStopsTableViewController.h; sourceTree = "<group>"; };
		ABE73DD11E8C08A400C70E13 /* SearchStopsTableViewController.m */ = {isa = PBXFileReference; fileEncoding = 4; lastKnownFileType = sourcecode.c.objc; path = SearchStopsTableViewController.m; sourceTree = "<group>"; };
		ABE73DD31E8C351100C70E13 /* TrafiklabAPI.h */ = {isa = PBXFileReference; fileEncoding = 4; lastKnownFileType = sourcecode.c.h; name = TrafiklabAPI.h; path = Model/TrafiklabAPI.h; sourceTree = "<group>"; };
		ABE73DD41E8C351100C70E13 /* TrafiklabAPI.m */ = {isa = PBXFileReference; fileEncoding = 4; lastKnownFileType = sourcecode.c.objc; name = TrafiklabAPI.m; path = Model/TrafiklabAPI.m; sourceTree = "<group>"; };
		ABE73DD61E8D361600C70E13 /* CoreLocation.framework */ = {isa = PBXFileReference; lastKnownFileType = wrapper.framework; name = CoreLocation.framework; path = System/Library/Frameworks/CoreLocation.framework; sourceTree = SDKROOT; };
		CAD641214806E76A8005B5E8 /* Pods-RealtidsinfoUITests.release.xcconfig */ = {isa = PBXFileReference; includeInIndex = 1; lastKnownFileType = text.xcconfig; name = "Pods-RealtidsinfoUITests.release.xcconfig"; path = "Pods/Target Support Files/Pods-RealtidsinfoUITests/Pods-RealtidsinfoUITests.release.xcconfig"; sourceTree = "<group>"; };
/* End PBXFileReference section */

/* Begin PBXFrameworksBuildPhase section */
		AB9B5C391E60C0B700BC51AE /* Frameworks */ = {
			isa = PBXFrameworksBuildPhase;
			buildActionMask = 2147483647;
			files = (
				ABBF05F81E938F4700B5FA74 /* MapKit.framework in Frameworks */,
				8E5311B4BA04EF1B3188403C /* libPods-Realtidsinfo.a in Frameworks */,
			);
			runOnlyForDeploymentPostprocessing = 0;
		};
		AB9B5C521E60C0B800BC51AE /* Frameworks */ = {
			isa = PBXFrameworksBuildPhase;
			buildActionMask = 2147483647;
			files = (
				11EB7D2858F42969B5121050 /* libPods-RealtidsinfoTests.a in Frameworks */,
			);
			runOnlyForDeploymentPostprocessing = 0;
		};
		AB9B5C5D1E60C0B800BC51AE /* Frameworks */ = {
			isa = PBXFrameworksBuildPhase;
			buildActionMask = 2147483647;
			files = (
				B2A33C096D774D41927ABA0A /* libPods-RealtidsinfoUITests.a in Frameworks */,
			);
			runOnlyForDeploymentPostprocessing = 0;
		};
/* End PBXFrameworksBuildPhase section */

/* Begin PBXGroup section */
		22973D12387A45A2F57C6613 /* Pods */ = {
			isa = PBXGroup;
			children = (
				8BAA52A2D789DB53258ADBE1 /* Pods-Realtidsinfo.debug.xcconfig */,
				9E355D4C8B35543C45D803E3 /* Pods-Realtidsinfo.release.xcconfig */,
				961BF612135B2DF82AD25720 /* Pods-RealtidsinfoTests.debug.xcconfig */,
				93A5EC584C92115943BA1092 /* Pods-RealtidsinfoTests.release.xcconfig */,
				2138480EF3F3C70B0BB96BE8 /* Pods-RealtidsinfoUITests.debug.xcconfig */,
				CAD641214806E76A8005B5E8 /* Pods-RealtidsinfoUITests.release.xcconfig */,
			);
			name = Pods;
			sourceTree = "<group>";
		};
		9B933F1AA13971E1198E9DC6 /* Frameworks */ = {
			isa = PBXGroup;
			children = (
				ABBF05F71E938F4700B5FA74 /* MapKit.framework */,
				ABE73DD61E8D361600C70E13 /* CoreLocation.framework */,
				6E73218B4BDAA647A736F907 /* libPods-Realtidsinfo.a */,
				88DD7DEFEE8489E7464746D6 /* libPods-RealtidsinfoTests.a */,
				0A6F694AD004BDEE85784314 /* libPods-RealtidsinfoUITests.a */,
			);
			name = Frameworks;
			sourceTree = "<group>";
		};
		AB5FBA721E647A83009ACA2F /* Model */ = {
			isa = PBXGroup;
			children = (
				ABE73DD31E8C351100C70E13 /* TrafiklabAPI.h */,
				ABE73DD41E8C351100C70E13 /* TrafiklabAPI.m */,
				AB5FBA6D1E643AE1009ACA2F /* API-keys.plist */,
				AB5FBA6F1E647A7E009ACA2F /* RealtimeSite.h */,
				AB5FBA701E647A7E009ACA2F /* RealtimeSite.m */,
			);
			name = Model;
			sourceTree = "<group>";
		};
		AB9B5C331E60C0B700BC51AE = {
			isa = PBXGroup;
			children = (
				AB9B5C3E1E60C0B700BC51AE /* Realtidsinfo */,
				AB9B5C581E60C0B800BC51AE /* RealtidsinfoTests */,
				AB9B5C631E60C0B800BC51AE /* RealtidsinfoUITests */,
				AB9B5C3D1E60C0B700BC51AE /* Products */,
				22973D12387A45A2F57C6613 /* Pods */,
				9B933F1AA13971E1198E9DC6 /* Frameworks */,
			);
			sourceTree = "<group>";
		};
		AB9B5C3D1E60C0B700BC51AE /* Products */ = {
			isa = PBXGroup;
			children = (
				AB9B5C3C1E60C0B700BC51AE /* Realtidsinfo.app */,
				AB9B5C551E60C0B800BC51AE /* RealtidsinfoTests.xctest */,
				AB9B5C601E60C0B800BC51AE /* RealtidsinfoUITests.xctest */,
			);
			name = Products;
			sourceTree = "<group>";
		};
		AB9B5C3E1E60C0B700BC51AE /* Realtidsinfo */ = {
			isa = PBXGroup;
			children = (
				AB85C8EE1E6B264100D9181E /* ViewController.h */,
				AB85C8EF1E6B264100D9181E /* ViewController.m */,
				AB9B5C451E60C0B800BC51AE /* RealtimeStopViewController.h */,
				AB9B5C461E60C0B800BC51AE /* RealtimeStopViewController.m */,
				AB602E5F1E6C2B33002B330C /* UIPageViewControllerWithOverlayIndicator.h */,
				AB602E601E6C2B33002B330C /* UIPageViewControllerWithOverlayIndicator.m */,
				AB9B5C481E60C0B800BC51AE /* Main.storyboard */,
				ABBF05F91E9390E700B5FA74 /* ConfigureStopViewController.h */,
				ABBF05FA1E9390E700B5FA74 /* ConfigureStopViewController.m */,
				AB7690221E92E8D300916024 /* LeftAndRightTableViewCell.h */,
				AB7690231E92E8D300916024 /* LeftAndRightTableViewCell.m */,
				ABE73DD01E8C08A400C70E13 /* SearchStopsTableViewController.h */,
				ABE73DD11E8C08A400C70E13 /* SearchStopsTableViewController.m */,
				AB9B5C4D1E60C0B800BC51AE /* LaunchScreen.storyboard */,
				AB9B5C501E60C0B800BC51AE /* Info.plist */,
				AB9B5C4B1E60C0B800BC51AE /* Assets.xcassets */,
				AB5FBA721E647A83009ACA2F /* Model */,
				AB9B5C3F1E60C0B700BC51AE /* Supporting Files */,
			);
			path = Realtidsinfo;
			sourceTree = "<group>";
		};
		AB9B5C3F1E60C0B700BC51AE /* Supporting Files */ = {
			isa = PBXGroup;
			children = (
				AB4EEF761E66F1BF00E297AF /* SanFranciscoDisplay-Light.otf */,
				AB4EEF771E66F1BF00E297AF /* SanFranciscoDisplay-Medium.otf */,
				AB4EEF781E66F1BF00E297AF /* SanFranciscoDisplay-Regular.otf */,
				AB9B5C421E60C0B700BC51AE /* AppDelegate.h */,
				AB9B5C431E60C0B700BC51AE /* AppDelegate.m */,
				AB9B5C401E60C0B700BC51AE /* main.m */,
			);
			name = "Supporting Files";
			sourceTree = "<group>";
		};
		AB9B5C581E60C0B800BC51AE /* RealtidsinfoTests */ = {
			isa = PBXGroup;
			children = (
				AB9B5C591E60C0B800BC51AE /* RealtidsinfoTests.m */,
				AB9B5C5B1E60C0B800BC51AE /* Info.plist */,
			);
			path = RealtidsinfoTests;
			sourceTree = "<group>";
		};
		AB9B5C631E60C0B800BC51AE /* RealtidsinfoUITests */ = {
			isa = PBXGroup;
			children = (
				AB9B5C641E60C0B800BC51AE /* RealtidsinfoUITests.m */,
				AB9B5C661E60C0B800BC51AE /* Info.plist */,
			);
			path = RealtidsinfoUITests;
			sourceTree = "<group>";
		};
/* End PBXGroup section */

/* Begin PBXNativeTarget section */
		AB9B5C3B1E60C0B700BC51AE /* Realtidsinfo */ = {
			isa = PBXNativeTarget;
			buildConfigurationList = AB9B5C691E60C0B800BC51AE /* Build configuration list for PBXNativeTarget "Realtidsinfo" */;
			buildPhases = (
				68A2BE14AF564559D935E0EF /* [CP] Check Pods Manifest.lock */,
				AB9B5C381E60C0B700BC51AE /* Sources */,
				AB9B5C391E60C0B700BC51AE /* Frameworks */,
				AB9B5C3A1E60C0B700BC51AE /* Resources */,
				FFACC6892AA9F1B50279C08D /* [CP] Embed Pods Frameworks */,
				CE40AEE4AD5F0828D2931AA3 /* [CP] Copy Pods Resources */,
			);
			buildRules = (
			);
			dependencies = (
			);
			name = Realtidsinfo;
			productName = Realtidsinfo;
			productReference = AB9B5C3C1E60C0B700BC51AE /* Realtidsinfo.app */;
			productType = "com.apple.product-type.application";
		};
		AB9B5C541E60C0B800BC51AE /* RealtidsinfoTests */ = {
			isa = PBXNativeTarget;
			buildConfigurationList = AB9B5C6C1E60C0B800BC51AE /* Build configuration list for PBXNativeTarget "RealtidsinfoTests" */;
			buildPhases = (
				A184C6161BD16ACDC8CF6B6E /* [CP] Check Pods Manifest.lock */,
				AB9B5C511E60C0B800BC51AE /* Sources */,
				AB9B5C521E60C0B800BC51AE /* Frameworks */,
				AB9B5C531E60C0B800BC51AE /* Resources */,
				E8F5448816DBCAD2CFF40552 /* [CP] Embed Pods Frameworks */,
				8BC9BD128E4DE18BAF4EB0A6 /* [CP] Copy Pods Resources */,
			);
			buildRules = (
			);
			dependencies = (
				AB9B5C571E60C0B800BC51AE /* PBXTargetDependency */,
			);
			name = RealtidsinfoTests;
			productName = RealtidsinfoTests;
			productReference = AB9B5C551E60C0B800BC51AE /* RealtidsinfoTests.xctest */;
			productType = "com.apple.product-type.bundle.unit-test";
		};
		AB9B5C5F1E60C0B800BC51AE /* RealtidsinfoUITests */ = {
			isa = PBXNativeTarget;
			buildConfigurationList = AB9B5C6F1E60C0B800BC51AE /* Build configuration list for PBXNativeTarget "RealtidsinfoUITests" */;
			buildPhases = (
				4959C3FD5C6344BF3678AABD /* [CP] Check Pods Manifest.lock */,
				AB9B5C5C1E60C0B800BC51AE /* Sources */,
				AB9B5C5D1E60C0B800BC51AE /* Frameworks */,
				AB9B5C5E1E60C0B800BC51AE /* Resources */,
				AA367BF8A4581A3AC1A4F9C2 /* [CP] Embed Pods Frameworks */,
				C1A40D49A759056E93423025 /* [CP] Copy Pods Resources */,
			);
			buildRules = (
			);
			dependencies = (
				AB9B5C621E60C0B800BC51AE /* PBXTargetDependency */,
			);
			name = RealtidsinfoUITests;
			productName = RealtidsinfoUITests;
			productReference = AB9B5C601E60C0B800BC51AE /* RealtidsinfoUITests.xctest */;
			productType = "com.apple.product-type.bundle.ui-testing";
		};
/* End PBXNativeTarget section */

/* Begin PBXProject section */
		AB9B5C341E60C0B700BC51AE /* Project object */ = {
			isa = PBXProject;
			attributes = {
				LastUpgradeCheck = 0820;
				ORGANIZATIONNAME = "Jonathan Berglind";
				TargetAttributes = {
					AB9B5C3B1E60C0B700BC51AE = {
						CreatedOnToolsVersion = 8.2.1;
						DevelopmentTeam = RVSA2Z4HRJ;
						ProvisioningStyle = Automatic;
					};
					AB9B5C541E60C0B800BC51AE = {
						CreatedOnToolsVersion = 8.2.1;
						DevelopmentTeam = RVSA2Z4HRJ;
						ProvisioningStyle = Automatic;
						TestTargetID = AB9B5C3B1E60C0B700BC51AE;
					};
					AB9B5C5F1E60C0B800BC51AE = {
						CreatedOnToolsVersion = 8.2.1;
						DevelopmentTeam = RVSA2Z4HRJ;
						ProvisioningStyle = Automatic;
						TestTargetID = AB9B5C3B1E60C0B700BC51AE;
					};
				};
			};
			buildConfigurationList = AB9B5C371E60C0B700BC51AE /* Build configuration list for PBXProject "Realtidsinfo" */;
			compatibilityVersion = "Xcode 3.2";
			developmentRegion = English;
			hasScannedForEncodings = 0;
			knownRegions = (
				en,
				Base,
			);
			mainGroup = AB9B5C331E60C0B700BC51AE;
			productRefGroup = AB9B5C3D1E60C0B700BC51AE /* Products */;
			projectDirPath = "";
			projectRoot = "";
			targets = (
				AB9B5C3B1E60C0B700BC51AE /* Realtidsinfo */,
				AB9B5C541E60C0B800BC51AE /* RealtidsinfoTests */,
				AB9B5C5F1E60C0B800BC51AE /* RealtidsinfoUITests */,
			);
		};
/* End PBXProject section */

/* Begin PBXResourcesBuildPhase section */
		AB9B5C3A1E60C0B700BC51AE /* Resources */ = {
			isa = PBXResourcesBuildPhase;
			buildActionMask = 2147483647;
			files = (
				ABBDD3FB1E66F60E0077B07C /* SanFranciscoDisplay-Light.otf in Resources */,
				ABBDD3FA1E66F4370077B07C /* SanFranciscoDisplay-Medium.otf in Resources */,
				AB9B5C4F1E60C0B800BC51AE /* LaunchScreen.storyboard in Resources */,
				AB9B5C4C1E60C0B800BC51AE /* Assets.xcassets in Resources */,
				AB9B5C4A1E60C0B800BC51AE /* Main.storyboard in Resources */,
				AB5FBA6E1E643AE1009ACA2F /* API-keys.plist in Resources */,
			);
			runOnlyForDeploymentPostprocessing = 0;
		};
		AB9B5C531E60C0B800BC51AE /* Resources */ = {
			isa = PBXResourcesBuildPhase;
			buildActionMask = 2147483647;
			files = (
			);
			runOnlyForDeploymentPostprocessing = 0;
		};
		AB9B5C5E1E60C0B800BC51AE /* Resources */ = {
			isa = PBXResourcesBuildPhase;
			buildActionMask = 2147483647;
			files = (
			);
			runOnlyForDeploymentPostprocessing = 0;
		};
/* End PBXResourcesBuildPhase section */

/* Begin PBXShellScriptBuildPhase section */
		4959C3FD5C6344BF3678AABD /* [CP] Check Pods Manifest.lock */ = {
			isa = PBXShellScriptBuildPhase;
			buildActionMask = 2147483647;
			files = (
			);
			inputPaths = (
			);
			name = "[CP] Check Pods Manifest.lock";
			outputPaths = (
			);
			runOnlyForDeploymentPostprocessing = 0;
			shellPath = /bin/sh;
			shellScript = "diff \"${PODS_ROOT}/../Podfile.lock\" \"${PODS_ROOT}/Manifest.lock\" > /dev/null\nif [ $? != 0 ] ; then\n    # print error to STDERR\n    echo \"error: The sandbox is not in sync with the Podfile.lock. Run 'pod install' or update your CocoaPods installation.\" >&2\n    exit 1\nfi\n";
			showEnvVarsInLog = 0;
		};
		68A2BE14AF564559D935E0EF /* [CP] Check Pods Manifest.lock */ = {
			isa = PBXShellScriptBuildPhase;
			buildActionMask = 2147483647;
			files = (
			);
			inputPaths = (
			);
			name = "[CP] Check Pods Manifest.lock";
			outputPaths = (
			);
			runOnlyForDeploymentPostprocessing = 0;
			shellPath = /bin/sh;
			shellScript = "diff \"${PODS_ROOT}/../Podfile.lock\" \"${PODS_ROOT}/Manifest.lock\" > /dev/null\nif [ $? != 0 ] ; then\n    # print error to STDERR\n    echo \"error: The sandbox is not in sync with the Podfile.lock. Run 'pod install' or update your CocoaPods installation.\" >&2\n    exit 1\nfi\n";
			showEnvVarsInLog = 0;
		};
		8BC9BD128E4DE18BAF4EB0A6 /* [CP] Copy Pods Resources */ = {
			isa = PBXShellScriptBuildPhase;
			buildActionMask = 2147483647;
			files = (
			);
			inputPaths = (
			);
			name = "[CP] Copy Pods Resources";
			outputPaths = (
			);
			runOnlyForDeploymentPostprocessing = 0;
			shellPath = /bin/sh;
			shellScript = "\"${SRCROOT}/Pods/Target Support Files/Pods-RealtidsinfoTests/Pods-RealtidsinfoTests-resources.sh\"\n";
			showEnvVarsInLog = 0;
		};
		A184C6161BD16ACDC8CF6B6E /* [CP] Check Pods Manifest.lock */ = {
			isa = PBXShellScriptBuildPhase;
			buildActionMask = 2147483647;
			files = (
			);
			inputPaths = (
			);
			name = "[CP] Check Pods Manifest.lock";
			outputPaths = (
			);
			runOnlyForDeploymentPostprocessing = 0;
			shellPath = /bin/sh;
			shellScript = "diff \"${PODS_ROOT}/../Podfile.lock\" \"${PODS_ROOT}/Manifest.lock\" > /dev/null\nif [ $? != 0 ] ; then\n    # print error to STDERR\n    echo \"error: The sandbox is not in sync with the Podfile.lock. Run 'pod install' or update your CocoaPods installation.\" >&2\n    exit 1\nfi\n";
			showEnvVarsInLog = 0;
		};
		AA367BF8A4581A3AC1A4F9C2 /* [CP] Embed Pods Frameworks */ = {
			isa = PBXShellScriptBuildPhase;
			buildActionMask = 2147483647;
			files = (
			);
			inputPaths = (
			);
			name = "[CP] Embed Pods Frameworks";
			outputPaths = (
			);
			runOnlyForDeploymentPostprocessing = 0;
			shellPath = /bin/sh;
			shellScript = "\"${SRCROOT}/Pods/Target Support Files/Pods-RealtidsinfoUITests/Pods-RealtidsinfoUITests-frameworks.sh\"\n";
			showEnvVarsInLog = 0;
		};
		C1A40D49A759056E93423025 /* [CP] Copy Pods Resources */ = {
			isa = PBXShellScriptBuildPhase;
			buildActionMask = 2147483647;
			files = (
			);
			inputPaths = (
			);
			name = "[CP] Copy Pods Resources";
			outputPaths = (
			);
			runOnlyForDeploymentPostprocessing = 0;
			shellPath = /bin/sh;
			shellScript = "\"${SRCROOT}/Pods/Target Support Files/Pods-RealtidsinfoUITests/Pods-RealtidsinfoUITests-resources.sh\"\n";
			showEnvVarsInLog = 0;
		};
		CE40AEE4AD5F0828D2931AA3 /* [CP] Copy Pods Resources */ = {
			isa = PBXShellScriptBuildPhase;
			buildActionMask = 2147483647;
			files = (
			);
			inputPaths = (
			);
			name = "[CP] Copy Pods Resources";
			outputPaths = (
			);
			runOnlyForDeploymentPostprocessing = 0;
			shellPath = /bin/sh;
			shellScript = "\"${SRCROOT}/Pods/Target Support Files/Pods-Realtidsinfo/Pods-Realtidsinfo-resources.sh\"\n";
			showEnvVarsInLog = 0;
		};
		E8F5448816DBCAD2CFF40552 /* [CP] Embed Pods Frameworks */ = {
			isa = PBXShellScriptBuildPhase;
			buildActionMask = 2147483647;
			files = (
			);
			inputPaths = (
			);
			name = "[CP] Embed Pods Frameworks";
			outputPaths = (
			);
			runOnlyForDeploymentPostprocessing = 0;
			shellPath = /bin/sh;
			shellScript = "\"${SRCROOT}/Pods/Target Support Files/Pods-RealtidsinfoTests/Pods-RealtidsinfoTests-frameworks.sh\"\n";
			showEnvVarsInLog = 0;
		};
		FFACC6892AA9F1B50279C08D /* [CP] Embed Pods Frameworks */ = {
			isa = PBXShellScriptBuildPhase;
			buildActionMask = 2147483647;
			files = (
			);
			inputPaths = (
			);
			name = "[CP] Embed Pods Frameworks";
			outputPaths = (
			);
			runOnlyForDeploymentPostprocessing = 0;
			shellPath = /bin/sh;
			shellScript = "\"${SRCROOT}/Pods/Target Support Files/Pods-Realtidsinfo/Pods-Realtidsinfo-frameworks.sh\"\n";
			showEnvVarsInLog = 0;
		};
/* End PBXShellScriptBuildPhase section */

/* Begin PBXSourcesBuildPhase section */
		AB9B5C381E60C0B700BC51AE /* Sources */ = {
			isa = PBXSourcesBuildPhase;
			buildActionMask = 2147483647;
			files = (
				AB85C8F01E6B264100D9181E /* ViewController.m in Sources */,
				AB7690241E92E8D300916024 /* LeftAndRightTableViewCell.m in Sources */,
				AB9B5C471E60C0B800BC51AE /* RealtimeStopViewController.m in Sources */,
				ABE73DD21E8C08A400C70E13 /* SearchStopsTableViewController.m in Sources */,
				ABE73DD51E8C351100C70E13 /* TrafiklabAPI.m in Sources */,
				AB602E611E6C2B33002B330C /* UIPageViewControllerWithOverlayIndicator.m in Sources */,
				AB5FBA711E647A7E009ACA2F /* RealtimeSite.m in Sources */,
				ABBF05FB1E9390E700B5FA74 /* ConfigureStopViewController.m in Sources */,
				AB9B5C441E60C0B700BC51AE /* AppDelegate.m in Sources */,
				AB9B5C411E60C0B700BC51AE /* main.m in Sources */,
			);
			runOnlyForDeploymentPostprocessing = 0;
		};
		AB9B5C511E60C0B800BC51AE /* Sources */ = {
			isa = PBXSourcesBuildPhase;
			buildActionMask = 2147483647;
			files = (
				AB9B5C5A1E60C0B800BC51AE /* RealtidsinfoTests.m in Sources */,
			);
			runOnlyForDeploymentPostprocessing = 0;
		};
		AB9B5C5C1E60C0B800BC51AE /* Sources */ = {
			isa = PBXSourcesBuildPhase;
			buildActionMask = 2147483647;
			files = (
				AB9B5C651E60C0B800BC51AE /* RealtidsinfoUITests.m in Sources */,
			);
			runOnlyForDeploymentPostprocessing = 0;
		};
/* End PBXSourcesBuildPhase section */

/* Begin PBXTargetDependency section */
		AB9B5C571E60C0B800BC51AE /* PBXTargetDependency */ = {
			isa = PBXTargetDependency;
			target = AB9B5C3B1E60C0B700BC51AE /* Realtidsinfo */;
			targetProxy = AB9B5C561E60C0B800BC51AE /* PBXContainerItemProxy */;
		};
		AB9B5C621E60C0B800BC51AE /* PBXTargetDependency */ = {
			isa = PBXTargetDependency;
			target = AB9B5C3B1E60C0B700BC51AE /* Realtidsinfo */;
			targetProxy = AB9B5C611E60C0B800BC51AE /* PBXContainerItemProxy */;
		};
/* End PBXTargetDependency section */

/* Begin PBXVariantGroup section */
		AB9B5C481E60C0B800BC51AE /* Main.storyboard */ = {
			isa = PBXVariantGroup;
			children = (
				AB9B5C491E60C0B800BC51AE /* Base */,
			);
			name = Main.storyboard;
			sourceTree = "<group>";
		};
		AB9B5C4D1E60C0B800BC51AE /* LaunchScreen.storyboard */ = {
			isa = PBXVariantGroup;
			children = (
				AB9B5C4E1E60C0B800BC51AE /* Base */,
			);
			name = LaunchScreen.storyboard;
			sourceTree = "<group>";
		};
/* End PBXVariantGroup section */

/* Begin XCBuildConfiguration section */
		AB9B5C671E60C0B800BC51AE /* Debug */ = {
			isa = XCBuildConfiguration;
			buildSettings = {
				ALWAYS_SEARCH_USER_PATHS = NO;
				CLANG_ANALYZER_NONNULL = YES;
				CLANG_CXX_LANGUAGE_STANDARD = "gnu++0x";
				CLANG_CXX_LIBRARY = "libc++";
				CLANG_ENABLE_MODULES = YES;
				CLANG_ENABLE_OBJC_ARC = YES;
				CLANG_WARN_BOOL_CONVERSION = YES;
				CLANG_WARN_CONSTANT_CONVERSION = YES;
				CLANG_WARN_DIRECT_OBJC_ISA_USAGE = YES_ERROR;
				CLANG_WARN_DOCUMENTATION_COMMENTS = YES;
				CLANG_WARN_EMPTY_BODY = YES;
				CLANG_WARN_ENUM_CONVERSION = YES;
				CLANG_WARN_INFINITE_RECURSION = YES;
				CLANG_WARN_INT_CONVERSION = YES;
				CLANG_WARN_OBJC_ROOT_CLASS = YES_ERROR;
				CLANG_WARN_SUSPICIOUS_MOVE = YES;
				CLANG_WARN_UNREACHABLE_CODE = YES;
				CLANG_WARN__DUPLICATE_METHOD_MATCH = YES;
				"CODE_SIGN_IDENTITY[sdk=iphoneos*]" = "iPhone Developer";
				COPY_PHASE_STRIP = NO;
				DEBUG_INFORMATION_FORMAT = dwarf;
				ENABLE_STRICT_OBJC_MSGSEND = YES;
				ENABLE_TESTABILITY = YES;
				GCC_C_LANGUAGE_STANDARD = gnu99;
				GCC_DYNAMIC_NO_PIC = NO;
				GCC_NO_COMMON_BLOCKS = YES;
				GCC_OPTIMIZATION_LEVEL = 0;
				GCC_PREPROCESSOR_DEFINITIONS = (
					"DEBUG=1",
					"$(inherited)",
				);
				GCC_WARN_64_TO_32_BIT_CONVERSION = YES;
				GCC_WARN_ABOUT_RETURN_TYPE = YES_ERROR;
				GCC_WARN_UNDECLARED_SELECTOR = YES;
				GCC_WARN_UNINITIALIZED_AUTOS = YES_AGGRESSIVE;
				GCC_WARN_UNUSED_FUNCTION = YES;
				GCC_WARN_UNUSED_VARIABLE = YES;
				IPHONEOS_DEPLOYMENT_TARGET = 10.2;
				MTL_ENABLE_DEBUG_INFO = YES;
				ONLY_ACTIVE_ARCH = YES;
				SDKROOT = iphoneos;
				TARGETED_DEVICE_FAMILY = 2;
			};
			name = Debug;
		};
		AB9B5C681E60C0B800BC51AE /* Release */ = {
			isa = XCBuildConfiguration;
			buildSettings = {
				ALWAYS_SEARCH_USER_PATHS = NO;
				CLANG_ANALYZER_NONNULL = YES;
				CLANG_CXX_LANGUAGE_STANDARD = "gnu++0x";
				CLANG_CXX_LIBRARY = "libc++";
				CLANG_ENABLE_MODULES = YES;
				CLANG_ENABLE_OBJC_ARC = YES;
				CLANG_WARN_BOOL_CONVERSION = YES;
				CLANG_WARN_CONSTANT_CONVERSION = YES;
				CLANG_WARN_DIRECT_OBJC_ISA_USAGE = YES_ERROR;
				CLANG_WARN_DOCUMENTATION_COMMENTS = YES;
				CLANG_WARN_EMPTY_BODY = YES;
				CLANG_WARN_ENUM_CONVERSION = YES;
				CLANG_WARN_INFINITE_RECURSION = YES;
				CLANG_WARN_INT_CONVERSION = YES;
				CLANG_WARN_OBJC_ROOT_CLASS = YES_ERROR;
				CLANG_WARN_SUSPICIOUS_MOVE = YES;
				CLANG_WARN_UNREACHABLE_CODE = YES;
				CLANG_WARN__DUPLICATE_METHOD_MATCH = YES;
				"CODE_SIGN_IDENTITY[sdk=iphoneos*]" = "iPhone Developer";
				COPY_PHASE_STRIP = NO;
				DEBUG_INFORMATION_FORMAT = "dwarf-with-dsym";
				ENABLE_NS_ASSERTIONS = NO;
				ENABLE_STRICT_OBJC_MSGSEND = YES;
				GCC_C_LANGUAGE_STANDARD = gnu99;
				GCC_NO_COMMON_BLOCKS = YES;
				GCC_WARN_64_TO_32_BIT_CONVERSION = YES;
				GCC_WARN_ABOUT_RETURN_TYPE = YES_ERROR;
				GCC_WARN_UNDECLARED_SELECTOR = YES;
				GCC_WARN_UNINITIALIZED_AUTOS = YES_AGGRESSIVE;
				GCC_WARN_UNUSED_FUNCTION = YES;
				GCC_WARN_UNUSED_VARIABLE = YES;
				IPHONEOS_DEPLOYMENT_TARGET = 10.2;
				MTL_ENABLE_DEBUG_INFO = NO;
				SDKROOT = iphoneos;
				TARGETED_DEVICE_FAMILY = 2;
				VALIDATE_PRODUCT = YES;
			};
			name = Release;
		};
		AB9B5C6A1E60C0B800BC51AE /* Debug */ = {
			isa = XCBuildConfiguration;
			baseConfigurationReference = 8BAA52A2D789DB53258ADBE1 /* Pods-Realtidsinfo.debug.xcconfig */;
			buildSettings = {
				ASSETCATALOG_COMPILER_APPICON_NAME = AppIcon;
				DEVELOPMENT_TEAM = RVSA2Z4HRJ;
				INFOPLIST_FILE = Realtidsinfo/Info.plist;
				IPHONEOS_DEPLOYMENT_TARGET = 10.0;
				LD_RUNPATH_SEARCH_PATHS = "$(inherited) @executable_path/Frameworks";
				PRODUCT_BUNDLE_IDENTIFIER = io.berglind.Realtidsinfo;
				PRODUCT_NAME = "$(TARGET_NAME)";
			};
			name = Debug;
		};
		AB9B5C6B1E60C0B800BC51AE /* Release */ = {
			isa = XCBuildConfiguration;
			baseConfigurationReference = 9E355D4C8B35543C45D803E3 /* Pods-Realtidsinfo.release.xcconfig */;
			buildSettings = {
				ASSETCATALOG_COMPILER_APPICON_NAME = AppIcon;
				DEVELOPMENT_TEAM = RVSA2Z4HRJ;
				INFOPLIST_FILE = Realtidsinfo/Info.plist;
				IPHONEOS_DEPLOYMENT_TARGET = 10.0;
				LD_RUNPATH_SEARCH_PATHS = "$(inherited) @executable_path/Frameworks";
				PRODUCT_BUNDLE_IDENTIFIER = io.berglind.Realtidsinfo;
				PRODUCT_NAME = "$(TARGET_NAME)";
			};
			name = Release;
		};
		AB9B5C6D1E60C0B800BC51AE /* Debug */ = {
			isa = XCBuildConfiguration;
			baseConfigurationReference = 961BF612135B2DF82AD25720 /* Pods-RealtidsinfoTests.debug.xcconfig */;
			buildSettings = {
				BUNDLE_LOADER = "$(TEST_HOST)";
				DEVELOPMENT_TEAM = RVSA2Z4HRJ;
				INFOPLIST_FILE = RealtidsinfoTests/Info.plist;
				LD_RUNPATH_SEARCH_PATHS = "$(inherited) @executable_path/Frameworks @loader_path/Frameworks";
				PRODUCT_BUNDLE_IDENTIFIER = io.berglind.RealtidsinfoTests;
				PRODUCT_NAME = "$(TARGET_NAME)";
				TEST_HOST = "$(BUILT_PRODUCTS_DIR)/Realtidsinfo.app/Realtidsinfo";
			};
			name = Debug;
		};
		AB9B5C6E1E60C0B800BC51AE /* Release */ = {
			isa = XCBuildConfiguration;
			baseConfigurationReference = 93A5EC584C92115943BA1092 /* Pods-RealtidsinfoTests.release.xcconfig */;
			buildSettings = {
				BUNDLE_LOADER = "$(TEST_HOST)";
				DEVELOPMENT_TEAM = RVSA2Z4HRJ;
				INFOPLIST_FILE = RealtidsinfoTests/Info.plist;
				LD_RUNPATH_SEARCH_PATHS = "$(inherited) @executable_path/Frameworks @loader_path/Frameworks";
				PRODUCT_BUNDLE_IDENTIFIER = io.berglind.RealtidsinfoTests;
				PRODUCT_NAME = "$(TARGET_NAME)";
				TEST_HOST = "$(BUILT_PRODUCTS_DIR)/Realtidsinfo.app/Realtidsinfo";
			};
			name = Release;
		};
		AB9B5C701E60C0B800BC51AE /* Debug */ = {
			isa = XCBuildConfiguration;
			baseConfigurationReference = 2138480EF3F3C70B0BB96BE8 /* Pods-RealtidsinfoUITests.debug.xcconfig */;
			buildSettings = {
				DEVELOPMENT_TEAM = RVSA2Z4HRJ;
				INFOPLIST_FILE = RealtidsinfoUITests/Info.plist;
				LD_RUNPATH_SEARCH_PATHS = "$(inherited) @executable_path/Frameworks @loader_path/Frameworks";
				PRODUCT_BUNDLE_IDENTIFIER = io.berglind.RealtidsinfoUITests;
				PRODUCT_NAME = "$(TARGET_NAME)";
				TEST_TARGET_NAME = Realtidsinfo;
			};
			name = Debug;
		};
		AB9B5C711E60C0B800BC51AE /* Release */ = {
			isa = XCBuildConfiguration;
			baseConfigurationReference = CAD641214806E76A8005B5E8 /* Pods-RealtidsinfoUITests.release.xcconfig */;
			buildSettings = {
				DEVELOPMENT_TEAM = RVSA2Z4HRJ;
				INFOPLIST_FILE = RealtidsinfoUITests/Info.plist;
				LD_RUNPATH_SEARCH_PATHS = "$(inherited) @executable_path/Frameworks @loader_path/Frameworks";
				PRODUCT_BUNDLE_IDENTIFIER = io.berglind.RealtidsinfoUITests;
				PRODUCT_NAME = "$(TARGET_NAME)";
				TEST_TARGET_NAME = Realtidsinfo;
			};
			name = Release;
		};
/* End XCBuildConfiguration section */

/* Begin XCConfigurationList section */
		AB9B5C371E60C0B700BC51AE /* Build configuration list for PBXProject "Realtidsinfo" */ = {
			isa = XCConfigurationList;
			buildConfigurations = (
				AB9B5C671E60C0B800BC51AE /* Debug */,
				AB9B5C681E60C0B800BC51AE /* Release */,
			);
			defaultConfigurationIsVisible = 0;
			defaultConfigurationName = Release;
		};
		AB9B5C691E60C0B800BC51AE /* Build configuration list for PBXNativeTarget "Realtidsinfo" */ = {
			isa = XCConfigurationList;
			buildConfigurations = (
				AB9B5C6A1E60C0B800BC51AE /* Debug */,
				AB9B5C6B1E60C0B800BC51AE /* Release */,
			);
			defaultConfigurationIsVisible = 0;
			defaultConfigurationName = Release;
		};
		AB9B5C6C1E60C0B800BC51AE /* Build configuration list for PBXNativeTarget "RealtidsinfoTests" */ = {
			isa = XCConfigurationList;
			buildConfigurations = (
				AB9B5C6D1E60C0B800BC51AE /* Debug */,
				AB9B5C6E1E60C0B800BC51AE /* Release */,
			);
			defaultConfigurationIsVisible = 0;
			defaultConfigurationName = Release;
		};
		AB9B5C6F1E60C0B800BC51AE /* Build configuration list for PBXNativeTarget "RealtidsinfoUITests" */ = {
			isa = XCConfigurationList;
			buildConfigurations = (
				AB9B5C701E60C0B800BC51AE /* Debug */,
				AB9B5C711E60C0B800BC51AE /* Release */,
			);
			defaultConfigurationIsVisible = 0;
			defaultConfigurationName = Release;
		};
/* End XCConfigurationList section */
	};
	rootObject = AB9B5C341E60C0B700BC51AE /* Project object */;
}
